
Microsoft Visual Studio Solution File, Format Version 12.00
# Visual Studio Version 16
VisualStudioVersion = 16.0.30330.147
MinimumVisualStudioVersion = 10.0.40219.1
Project("{FAE04EC0-301F-11D3-BF4B-00C04F79EFBC}") = "AspNetCookieConsent", "AspNetCookieConsent\AspNetCookieConsent.csproj", "{46E75B8F-BB34-4612-AE04-3AEF1712DB65}"
EndProject
Global
	GlobalSection(SolutionConfigurationPlatforms) = preSolution
		Debug|Any CPU = Debug|Any CPU
		Release|Any CPU = Release|Any CPU
	EndGlobalSection
	GlobalSection(ProjectConfigurationPlatforms) = postSolution
		{46E75B8F-BB34-4612-AE04-3AEF1712DB65}.Debug|Any CPU.ActiveCfg = Debug|Any CPU
		{46E75B8F-BB34-4612-AE04-3AEF1712DB65}.Debug|Any CPU.Build.0 = Debug|Any CPU
		{46E75B8F-BB34-4612-AE04-3AEF1712DB65}.Release|Any CPU.ActiveCfg = Release|Any CPU
		{46E75B8F-BB34-4612-AE04-3AEF1712DB65}.Release|Any CPU.Build.0 = Release|Any CPU
	EndGlobalSection
	GlobalSection(SolutionProperties) = preSolution
		HideSolutionNode = FALSE
	EndGlobalSection
	GlobalSection(ExtensibilityGlobals) = postSolution
		SolutionGuid = {E86490F6-13EA-4193-A285-D7AF05149844}
	EndGlobalSection
EndGlobal
